
Microsoft Visual Studio Solution File, Format Version 12.00
# Visual Studio 2013
VisualStudioVersion = 12.0.21005.1
MinimumVisualStudioVersion = 10.0.40219.1
Project("{FAE04EC0-301F-11D3-BF4B-00C04F79EFBC}") = "S2230NET", "S2230NET\S2230NET.csproj", "{434B20BA-48CF-45C5-BF40-A44081B2951F}"
EndProject
Project("{FAE04EC0-301F-11D3-BF4B-00C04F79EFBC}") = "Day01_0100", "Day01_0100\Day01_0100.csproj", "{C7F76C36-412E-42AB-A883-EBCC4FBC5F2A}"
EndProject
Project("{FAE04EC0-301F-11D3-BF4B-00C04F79EFBC}") = "Day02_0100", "Day02_0100\Day02_0100.csproj", "{BDD0341E-F715-4B89-B603-574AAA0758F7}"
EndProject
Project("{FAE04EC0-301F-11D3-BF4B-00C04F79EFBC}") = "Day02_0200ValueType", "Day02_0200ValueType\Day02_0200ValueType.csproj", "{E45E34F5-64D5-4C17-848E-B86516FDF6AA}"
EndProject
Project("{2150E333-8FDC-42A3-9474-1A3956D46DE8}") = "Day02", "Day02", "{E6FCE86A-04E0-483A-B458-2B004CEEEC3A}"
EndProject
Project("{2150E333-8FDC-42A3-9474-1A3956D46DE8}") = "Day01", "Day01", "{A123E40D-8464-45A7-A7B3-F78034041501}"
EndProject
Project("{FAE04EC0-301F-11D3-BF4B-00C04F79EFBC}") = "Day02_0300reftype", "Day02_0300reftype\Day02_0300reftype.csproj", "{C20509C8-7DBF-4BC1-9EDC-17D51D04CD40}"
EndProject
Project("{FAE04EC0-301F-11D3-BF4B-00C04F79EFBC}") = "Day02_0400Struct", "Day02_0400Struct\Day02_0400Struct.csproj", "{12FE594D-7AE7-47FD-A560-EF87B4EF16DD}"
EndProject
Project("{FAE04EC0-301F-11D3-BF4B-00C04F79EFBC}") = "Day02_0500BoxAndUnBox", "Day02_0500BoxAndUnBox\Day02_0500BoxAndUnBox.csproj", "{6C35D295-07A6-4663-9F79-A921D7E3BB21}"
EndProject
Project("{FAE04EC0-301F-11D3-BF4B-00C04F79EFBC}") = "Day02_0600ref", "Day02_0600ref\Day02_0600ref.csproj", "{9A78E5F0-47BC-4529-B7CB-2882FB65EDB4}"
EndProject
Project("{FAE04EC0-301F-11D3-BF4B-00C04F79EFBC}") = "Day02_0700ManagerScore", "Day02_0700ManagerScore\Day02_0700ManagerScore.csproj", "{B676EFA4-2527-4F21-9550-CBE0D4335285}"
EndProject
Project("{2150E333-8FDC-42A3-9474-1A3956D46DE8}") = "Day03", "Day03", "{39DBFC61-B353-4FD9-BE65-D816B236C9C8}"
EndProject
Project("{FAE04EC0-301F-11D3-BF4B-00C04F79EFBC}") = "Day03_0100ArrayList", "Day03_0100ArrayList\Day03_0100ArrayList.csproj", "{32A1C931-C6B0-434A-93BA-3AFADAB1B747}"
EndProject
Project("{FAE04EC0-301F-11D3-BF4B-00C04F79EFBC}") = "Day03_0200HashTable", "Day03_0200HashTable\Day03_0200HashTable.csproj", "{68C93478-CA28-4DA9-BA44-9808A2DD5394}"
EndProject
Project("{FAE04EC0-301F-11D3-BF4B-00C04F79EFBC}") = "Day03_0300Generic", "Day03_0300Generic\Day03_0300Generic.csproj", "{CD5DD0CA-890B-4F1F-8038-489E8E8A6EE7}"
EndProject
Project("{FAE04EC0-301F-11D3-BF4B-00C04F79EFBC}") = "Day03_0400MyGeneric", "Day03_0400MyGeneric\Day03_0400MyGeneric.csproj", "{7767355B-457B-417A-9D14-7247F037A285}"
EndProject
Project("{FAE04EC0-301F-11D3-BF4B-00C04F79EFBC}") = "Day03_0500BindDaa", "Day03_0500BindDaa\Day03_0500BindDaa.csproj", "{E70FFD24-CA47-46ED-AADA-39663581511B}"
EndProject
Project("{FAE04EC0-301F-11D3-BF4B-00C04F79EFBC}") = "Day03_0600HomeWork", "Day03_0600HomeWork\Day03_0600HomeWork.csproj", "{14B86548-9051-4A16-840D-09D5238C261A}"
EndProject
Project("{2150E333-8FDC-42A3-9474-1A3956D46DE8}") = "Day04", "Day04", "{0FE581DD-3EE6-4FCD-82DF-74A41DDE0222}"
EndProject
Project("{FAE04EC0-301F-11D3-BF4B-00C04F79EFBC}") = "Day04_0100构造", "Day04_0100构造\Day04_0100构造.csproj", "{2B4ECD8A-681E-4691-A728-2776D349F88B}"
EndProject
Project("{FAE04EC0-301F-11D3-BF4B-00C04F79EFBC}") = "Day04_0200方法重载", "Day04_0200方法重载\Day04_0200方法重载.csproj", "{3AA1DA4C-107F-47CE-9564-E1119CC47C12}"
EndProject
Project("{FAE04EC0-301F-11D3-BF4B-00C04F79EFBC}") = "Day04_0300对象间的交互", "Day04_0300对象间的交互\Day04_0300对象间的交互.csproj", "{3FBED1CD-A273-4739-B45B-B8AD53A3F704}"
EndProject
Project("{FAE04EC0-301F-11D3-BF4B-00C04F79EFBC}") = "Day04_0400MD5", "Day04_0400MD5\Day04_0400MD5.csproj", "{8F40B88F-E4DB-43DE-BF5D-7B72CCAD5DEA}"
EndProject
Project("{2150E333-8FDC-42A3-9474-1A3956D46DE8}") = "Day05", "Day05", "{056DE00C-A9BC-4820-A792-3B91DFDEBE58}"
EndProject
Project("{FAE04EC0-301F-11D3-BF4B-00C04F79EFBC}") = "Day05体检套餐", "Day05体检套餐\Day05体检套餐.csproj", "{A754419E-07BD-48D6-8036-30A496B2C4FE}"
EndProject
Project("{2150E333-8FDC-42A3-9474-1A3956D46DE8}") = "Exam", "Exam", "{E20757F8-9244-4EDC-B074-141D02C66DE0}"
EndProject
Project("{FAE04EC0-301F-11D3-BF4B-00C04F79EFBC}") = "Exam", "Exam\Exam.csproj", "{FA9C0C3E-2788-4815-ACF1-CA61F2535876}"
EndProject
Project("{FAE04EC0-301F-11D3-BF4B-00C04F79EFBC}") = "Exam2", "Exam2\Exam2.csproj", "{FCE608C6-F113-4ACF-B11A-61788BD446CA}"
EndProject
Project("{2150E333-8FDC-42A3-9474-1A3956D46DE8}") = "Day06", "Day06", "{D30CCEF9-EA15-417E-8B42-0640C2327D7B}"
EndProject
Project("{FAE04EC0-301F-11D3-BF4B-00C04F79EFBC}") = "Day06_0100", "Day06_0100\Day06_0100.csproj", "{5BF1DA9E-905C-4823-B432-6943344D84FA}"
EndProject
Project("{FAE04EC0-301F-11D3-BF4B-00C04F79EFBC}") = "Day06_0200hasConstructor", "Day06_0200hasConstructor\Day06_0200hasConstructor.csproj", "{E35F04CD-59BC-4C97-AB2B-84C17A6EBEB2}"
EndProject
Project("{FAE04EC0-301F-11D3-BF4B-00C04F79EFBC}") = "Day06_0300SingleParent", "Day06_0300SingleParent\Day06_0300SingleParent.csproj", "{58A94F34-5387-41FF-A323-9AD48475FF14}"
EndProject
Project("{FAE04EC0-301F-11D3-BF4B-00C04F79EFBC}") = "Day06_0400多态", "Day06_0400多态\Day06_0400多态.csproj", "{98909248-6856-40B7-BCEE-FD50E3DD1F1B}"
EndProject
Project("{2150E333-8FDC-42A3-9474-1A3956D46DE8}") = "Day07", "Day07", "{B7740A8E-DDD0-4C44-9DF8-F8E867116E41}"
EndProject
Project("{FAE04EC0-301F-11D3-BF4B-00C04F79EFBC}") = "DY07_0100IS和As", "DY07_0100IS和As\DY07_0100IS和As.csproj", "{FAF8D7D0-4932-4DBC-A80D-BBEA9BD021D2}"
EndProject
Project("{FAE04EC0-301F-11D3-BF4B-00C04F79EFBC}") = "Day07_0200抽象类", "Day07_0200抽象类\Day07_0200抽象类.csproj", "{D42BFD98-5C35-4137-8831-275B13FC7591}"
EndProject
Project("{2150E333-8FDC-42A3-9474-1A3956D46DE8}") = "Day08", "Day08", "{0747FB08-6D90-455A-9095-C4D314AF94C3}"
EndProject
Project("{FAE04EC0-301F-11D3-BF4B-00C04F79EFBC}") = "Day08_0100简单工厂计算器", "Day08_0100简单工厂计算器\Day08_0100简单工厂计算器.csproj", "{DDF61011-BBF5-458F-8B5C-05C0A3CA84A7}"
EndProject
Project("{FAE04EC0-301F-11D3-BF4B-00C04F79EFBC}") = "Day08_0200单例", "Day08_0200单例\Day08_0200单例.csproj", "{D45A60E5-FE05-44DF-AEF3-3BDC62070B64}"
EndProject
Project("{FAE04EC0-301F-11D3-BF4B-00C04F79EFBC}") = "Day08_0300xml", "Day08_0300xml\Day08_0300xml.csproj", "{71C29EC2-9688-43C6-8E42-8C7B3EABDF0B}"
EndProject
Project("{FAE04EC0-301F-11D3-BF4B-00C04F79EFBC}") = "Day07_0300Interface", "Day07_0300Interface\Day07_0300Interface.csproj", "{0A0031BA-A1C2-473B-B2D8-CC33E5912CCF}"
EndProject
Project("{FAE04EC0-301F-11D3-BF4B-00C04F79EFBC}") = "Day08_0200", "Day08_0200\Day08_0200.csproj", "{C9B7C2AF-DC18-4F0D-A252-D30410A8DC7D}"
EndProject
Project("{FAE04EC0-301F-11D3-BF4B-00C04F79EFBC}") = "Day08_0400TreeView", "Day08_0400TreeView\Day08_0400TreeView.csproj", "{2E669EB3-BEF2-4BCA-907E-7A1EC6B0CD00}"
EndProject
Global
	GlobalSection(SolutionConfigurationPlatforms) = preSolution
		Debug|Any CPU = Debug|Any CPU
		Release|Any CPU = Release|Any CPU
	EndGlobalSection
	GlobalSection(ProjectConfigurationPlatforms) = postSolution
		{434B20BA-48CF-45C5-BF40-A44081B2951F}.Debug|Any CPU.ActiveCfg = Debug|Any CPU
		{434B20BA-48CF-45C5-BF40-A44081B2951F}.Debug|Any CPU.Build.0 = Debug|Any CPU
		{434B20BA-48CF-45C5-BF40-A44081B2951F}.Release|Any CPU.ActiveCfg = Release|Any CPU
		{434B20BA-48CF-45C5-BF40-A44081B2951F}.Release|Any CPU.Build.0 = Release|Any CPU
		{C7F76C36-412E-42AB-A883-EBCC4FBC5F2A}.Debug|Any CPU.ActiveCfg = Debug|Any CPU
		{C7F76C36-412E-42AB-A883-EBCC4FBC5F2A}.Debug|Any CPU.Build.0 = Debug|Any CPU
		{C7F76C36-412E-42AB-A883-EBCC4FBC5F2A}.Release|Any CPU.ActiveCfg = Release|Any CPU
		{C7F76C36-412E-42AB-A883-EBCC4FBC5F2A}.Release|Any CPU.Build.0 = Release|Any CPU
		{BDD0341E-F715-4B89-B603-574AAA0758F7}.Debug|Any CPU.ActiveCfg = Debug|Any CPU
		{BDD0341E-F715-4B89-B603-574AAA0758F7}.Debug|Any CPU.Build.0 = Debug|Any CPU
		{BDD0341E-F715-4B89-B603-574AAA0758F7}.Release|Any CPU.ActiveCfg = Release|Any CPU
		{BDD0341E-F715-4B89-B603-574AAA0758F7}.Release|Any CPU.Build.0 = Release|Any CPU
		{E45E34F5-64D5-4C17-848E-B86516FDF6AA}.Debug|Any CPU.ActiveCfg = Debug|Any CPU
		{E45E34F5-64D5-4C17-848E-B86516FDF6AA}.Debug|Any CPU.Build.0 = Debug|Any CPU
		{E45E34F5-64D5-4C17-848E-B86516FDF6AA}.Release|Any CPU.ActiveCfg = Release|Any CPU
		{E45E34F5-64D5-4C17-848E-B86516FDF6AA}.Release|Any CPU.Build.0 = Release|Any CPU
		{C20509C8-7DBF-4BC1-9EDC-17D51D04CD40}.Debug|Any CPU.ActiveCfg = Debug|Any CPU
		{C20509C8-7DBF-4BC1-9EDC-17D51D04CD40}.Debug|Any CPU.Build.0 = Debug|Any CPU
		{C20509C8-7DBF-4BC1-9EDC-17D51D04CD40}.Release|Any CPU.ActiveCfg = Release|Any CPU
		{C20509C8-7DBF-4BC1-9EDC-17D51D04CD40}.Release|Any CPU.Build.0 = Release|Any CPU
		{12FE594D-7AE7-47FD-A560-EF87B4EF16DD}.Debug|Any CPU.ActiveCfg = Debug|Any CPU
		{12FE594D-7AE7-47FD-A560-EF87B4EF16DD}.Debug|Any CPU.Build.0 = Debug|Any CPU
		{12FE594D-7AE7-47FD-A560-EF87B4EF16DD}.Release|Any CPU.ActiveCfg = Release|Any CPU
		{12FE594D-7AE7-47FD-A560-EF87B4EF16DD}.Release|Any CPU.Build.0 = Release|Any CPU
		{6C35D295-07A6-4663-9F79-A921D7E3BB21}.Debug|Any CPU.ActiveCfg = Debug|Any CPU
		{6C35D295-07A6-4663-9F79-A921D7E3BB21}.Debug|Any CPU.Build.0 = Debug|Any CPU
		{6C35D295-07A6-4663-9F79-A921D7E3BB21}.Release|Any CPU.ActiveCfg = Release|Any CPU
		{6C35D295-07A6-4663-9F79-A921D7E3BB21}.Release|Any CPU.Build.0 = Release|Any CPU
		{9A78E5F0-47BC-4529-B7CB-2882FB65EDB4}.Debug|Any CPU.ActiveCfg = Debug|Any CPU
		{9A78E5F0-47BC-4529-B7CB-2882FB65EDB4}.Debug|Any CPU.Build.0 = Debug|Any CPU
		{9A78E5F0-47BC-4529-B7CB-2882FB65EDB4}.Release|Any CPU.ActiveCfg = Release|Any CPU
		{9A78E5F0-47BC-4529-B7CB-2882FB65EDB4}.Release|Any CPU.Build.0 = Release|Any CPU
		{B676EFA4-2527-4F21-9550-CBE0D4335285}.Debug|Any CPU.ActiveCfg = Debug|Any CPU
		{B676EFA4-2527-4F21-9550-CBE0D4335285}.Debug|Any CPU.Build.0 = Debug|Any CPU
		{B676EFA4-2527-4F21-9550-CBE0D4335285}.Release|Any CPU.ActiveCfg = Release|Any CPU
		{B676EFA4-2527-4F21-9550-CBE0D4335285}.Release|Any CPU.Build.0 = Release|Any CPU
		{32A1C931-C6B0-434A-93BA-3AFADAB1B747}.Debug|Any CPU.ActiveCfg = Debug|Any CPU
		{32A1C931-C6B0-434A-93BA-3AFADAB1B747}.Debug|Any CPU.Build.0 = Debug|Any CPU
		{32A1C931-C6B0-434A-93BA-3AFADAB1B747}.Release|Any CPU.ActiveCfg = Release|Any CPU
		{32A1C931-C6B0-434A-93BA-3AFADAB1B747}.Release|Any CPU.Build.0 = Release|Any CPU
		{68C93478-CA28-4DA9-BA44-9808A2DD5394}.Debug|Any CPU.ActiveCfg = Debug|Any CPU
		{68C93478-CA28-4DA9-BA44-9808A2DD5394}.Debug|Any CPU.Build.0 = Debug|Any CPU
		{68C93478-CA28-4DA9-BA44-9808A2DD5394}.Release|Any CPU.ActiveCfg = Release|Any CPU
		{68C93478-CA28-4DA9-BA44-9808A2DD5394}.Release|Any CPU.Build.0 = Release|Any CPU
		{CD5DD0CA-890B-4F1F-8038-489E8E8A6EE7}.Debug|Any CPU.ActiveCfg = Debug|Any CPU
		{CD5DD0CA-890B-4F1F-8038-489E8E8A6EE7}.Debug|Any CPU.Build.0 = Debug|Any CPU
		{CD5DD0CA-890B-4F1F-8038-489E8E8A6EE7}.Release|Any CPU.ActiveCfg = Release|Any CPU
		{CD5DD0CA-890B-4F1F-8038-489E8E8A6EE7}.Release|Any CPU.Build.0 = Release|Any CPU
		{7767355B-457B-417A-9D14-7247F037A285}.Debug|Any CPU.ActiveCfg = Debug|Any CPU
		{7767355B-457B-417A-9D14-7247F037A285}.Debug|Any CPU.Build.0 = Debug|Any CPU
		{7767355B-457B-417A-9D14-7247F037A285}.Release|Any CPU.ActiveCfg = Release|Any CPU
		{7767355B-457B-417A-9D14-7247F037A285}.Release|Any CPU.Build.0 = Release|Any CPU
		{E70FFD24-CA47-46ED-AADA-39663581511B}.Debug|Any CPU.ActiveCfg = Debug|Any CPU
		{E70FFD24-CA47-46ED-AADA-39663581511B}.Debug|Any CPU.Build.0 = Debug|Any CPU
		{E70FFD24-CA47-46ED-AADA-39663581511B}.Release|Any CPU.ActiveCfg = Release|Any CPU
		{E70FFD24-CA47-46ED-AADA-39663581511B}.Release|Any CPU.Build.0 = Release|Any CPU
		{14B86548-9051-4A16-840D-09D5238C261A}.Debug|Any CPU.ActiveCfg = Debug|Any CPU
		{14B86548-9051-4A16-840D-09D5238C261A}.Debug|Any CPU.Build.0 = Debug|Any CPU
		{14B86548-9051-4A16-840D-09D5238C261A}.Release|Any CPU.ActiveCfg = Release|Any CPU
		{14B86548-9051-4A16-840D-09D5238C261A}.Release|Any CPU.Build.0 = Release|Any CPU
		{2B4ECD8A-681E-4691-A728-2776D349F88B}.Debug|Any CPU.ActiveCfg = Debug|Any CPU
		{2B4ECD8A-681E-4691-A728-2776D349F88B}.Debug|Any CPU.Build.0 = Debug|Any CPU
		{2B4ECD8A-681E-4691-A728-2776D349F88B}.Release|Any CPU.ActiveCfg = Release|Any CPU
		{2B4ECD8A-681E-4691-A728-2776D349F88B}.Release|Any CPU.Build.0 = Release|Any CPU
		{3AA1DA4C-107F-47CE-9564-E1119CC47C12}.Debug|Any CPU.ActiveCfg = Debug|Any CPU
		{3AA1DA4C-107F-47CE-9564-E1119CC47C12}.Debug|Any CPU.Build.0 = Debug|Any CPU
		{3AA1DA4C-107F-47CE-9564-E1119CC47C12}.Release|Any CPU.ActiveCfg = Release|Any CPU
		{3AA1DA4C-107F-47CE-9564-E1119CC47C12}.Release|Any CPU.Build.0 = Release|Any CPU
		{3FBED1CD-A273-4739-B45B-B8AD53A3F704}.Debug|Any CPU.ActiveCfg = Debug|Any CPU
		{3FBED1CD-A273-4739-B45B-B8AD53A3F704}.Debug|Any CPU.Build.0 = Debug|Any CPU
		{3FBED1CD-A273-4739-B45B-B8AD53A3F704}.Release|Any CPU.ActiveCfg = Release|Any CPU
		{3FBED1CD-A273-4739-B45B-B8AD53A3F704}.Release|Any CPU.Build.0 = Release|Any CPU
		{8F40B88F-E4DB-43DE-BF5D-7B72CCAD5DEA}.Debug|Any CPU.ActiveCfg = Debug|Any CPU
		{8F40B88F-E4DB-43DE-BF5D-7B72CCAD5DEA}.Debug|Any CPU.Build.0 = Debug|Any CPU
		{8F40B88F-E4DB-43DE-BF5D-7B72CCAD5DEA}.Release|Any CPU.ActiveCfg = Release|Any CPU
		{8F40B88F-E4DB-43DE-BF5D-7B72CCAD5DEA}.Release|Any CPU.Build.0 = Release|Any CPU
		{A754419E-07BD-48D6-8036-30A496B2C4FE}.Debug|Any CPU.ActiveCfg = Debug|Any CPU
		{A754419E-07BD-48D6-8036-30A496B2C4FE}.Debug|Any CPU.Build.0 = Debug|Any CPU
		{A754419E-07BD-48D6-8036-30A496B2C4FE}.Release|Any CPU.ActiveCfg = Release|Any CPU
		{A754419E-07BD-48D6-8036-30A496B2C4FE}.Release|Any CPU.Build.0 = Release|Any CPU
		{FA9C0C3E-2788-4815-ACF1-CA61F2535876}.Debug|Any CPU.ActiveCfg = Debug|Any CPU
		{FA9C0C3E-2788-4815-ACF1-CA61F2535876}.Debug|Any CPU.Build.0 = Debug|Any CPU
		{FA9C0C3E-2788-4815-ACF1-CA61F2535876}.Release|Any CPU.ActiveCfg = Release|Any CPU
		{FA9C0C3E-2788-4815-ACF1-CA61F2535876}.Release|Any CPU.Build.0 = Release|Any CPU
		{FCE608C6-F113-4ACF-B11A-61788BD446CA}.Debug|Any CPU.ActiveCfg = Debug|Any CPU
		{FCE608C6-F113-4ACF-B11A-61788BD446CA}.Debug|Any CPU.Build.0 = Debug|Any CPU
		{FCE608C6-F113-4ACF-B11A-61788BD446CA}.Release|Any CPU.ActiveCfg = Release|Any CPU
		{FCE608C6-F113-4ACF-B11A-61788BD446CA}.Release|Any CPU.Build.0 = Release|Any CPU
		{5BF1DA9E-905C-4823-B432-6943344D84FA}.Debug|Any CPU.ActiveCfg = Debug|Any CPU
		{5BF1DA9E-905C-4823-B432-6943344D84FA}.Debug|Any CPU.Build.0 = Debug|Any CPU
		{5BF1DA9E-905C-4823-B432-6943344D84FA}.Release|Any CPU.ActiveCfg = Release|Any CPU
		{5BF1DA9E-905C-4823-B432-6943344D84FA}.Release|Any CPU.Build.0 = Release|Any CPU
		{E35F04CD-59BC-4C97-AB2B-84C17A6EBEB2}.Debug|Any CPU.ActiveCfg = Debug|Any CPU
		{E35F04CD-59BC-4C97-AB2B-84C17A6EBEB2}.Debug|Any CPU.Build.0 = Debug|Any CPU
		{E35F04CD-59BC-4C97-AB2B-84C17A6EBEB2}.Release|Any CPU.ActiveCfg = Release|Any CPU
		{E35F04CD-59BC-4C97-AB2B-84C17A6EBEB2}.Release|Any CPU.Build.0 = Release|Any CPU
		{58A94F34-5387-41FF-A323-9AD48475FF14}.Debug|Any CPU.ActiveCfg = Debug|Any CPU
		{58A94F34-5387-41FF-A323-9AD48475FF14}.Debug|Any CPU.Build.0 = Debug|Any CPU
		{58A94F34-5387-41FF-A323-9AD48475FF14}.Release|Any CPU.ActiveCfg = Release|Any CPU
		{58A94F34-5387-41FF-A323-9AD48475FF14}.Release|Any CPU.Build.0 = Release|Any CPU
		{98909248-6856-40B7-BCEE-FD50E3DD1F1B}.Debug|Any CPU.ActiveCfg = Debug|Any CPU
		{98909248-6856-40B7-BCEE-FD50E3DD1F1B}.Debug|Any CPU.Build.0 = Debug|Any CPU
		{98909248-6856-40B7-BCEE-FD50E3DD1F1B}.Release|Any CPU.ActiveCfg = Release|Any CPU
		{98909248-6856-40B7-BCEE-FD50E3DD1F1B}.Release|Any CPU.Build.0 = Release|Any CPU
		{FAF8D7D0-4932-4DBC-A80D-BBEA9BD021D2}.Debug|Any CPU.ActiveCfg = Debug|Any CPU
		{FAF8D7D0-4932-4DBC-A80D-BBEA9BD021D2}.Debug|Any CPU.Build.0 = Debug|Any CPU
		{FAF8D7D0-4932-4DBC-A80D-BBEA9BD021D2}.Release|Any CPU.ActiveCfg = Release|Any CPU
		{FAF8D7D0-4932-4DBC-A80D-BBEA9BD021D2}.Release|Any CPU.Build.0 = Release|Any CPU
		{D42BFD98-5C35-4137-8831-275B13FC7591}.Debug|Any CPU.ActiveCfg = Debug|Any CPU
		{D42BFD98-5C35-4137-8831-275B13FC7591}.Debug|Any CPU.Build.0 = Debug|Any CPU
		{D42BFD98-5C35-4137-8831-275B13FC7591}.Release|Any CPU.ActiveCfg = Release|Any CPU
		{D42BFD98-5C35-4137-8831-275B13FC7591}.Release|Any CPU.Build.0 = Release|Any CPU
		{DDF61011-BBF5-458F-8B5C-05C0A3CA84A7}.Debug|Any CPU.ActiveCfg = Debug|Any CPU
		{DDF61011-BBF5-458F-8B5C-05C0A3CA84A7}.Debug|Any CPU.Build.0 = Debug|Any CPU
		{DDF61011-BBF5-458F-8B5C-05C0A3CA84A7}.Release|Any CPU.ActiveCfg = Release|Any CPU
		{DDF61011-BBF5-458F-8B5C-05C0A3CA84A7}.Release|Any CPU.Build.0 = Release|Any CPU
		{D45A60E5-FE05-44DF-AEF3-3BDC62070B64}.Debug|Any CPU.ActiveCfg = Debug|Any CPU
		{D45A60E5-FE05-44DF-AEF3-3BDC62070B64}.Debug|Any CPU.Build.0 = Debug|Any CPU
		{D45A60E5-FE05-44DF-AEF3-3BDC62070B64}.Release|Any CPU.ActiveCfg = Release|Any CPU
		{D45A60E5-FE05-44DF-AEF3-3BDC62070B64}.Release|Any CPU.Build.0 = Release|Any CPU
		{71C29EC2-9688-43C6-8E42-8C7B3EABDF0B}.Debug|Any CPU.ActiveCfg = Debug|Any CPU
		{71C29EC2-9688-43C6-8E42-8C7B3EABDF0B}.Debug|Any CPU.Build.0 = Debug|Any CPU
		{71C29EC2-9688-43C6-8E42-8C7B3EABDF0B}.Release|Any CPU.ActiveCfg = Release|Any CPU
		{71C29EC2-9688-43C6-8E42-8C7B3EABDF0B}.Release|Any CPU.Build.0 = Release|Any CPU
		{0A0031BA-A1C2-473B-B2D8-CC33E5912CCF}.Debug|Any CPU.ActiveCfg = Debug|Any CPU
		{0A0031BA-A1C2-473B-B2D8-CC33E5912CCF}.Debug|Any CPU.Build.0 = Debug|Any CPU
		{0A0031BA-A1C2-473B-B2D8-CC33E5912CCF}.Release|Any CPU.ActiveCfg = Release|Any CPU
		{0A0031BA-A1C2-473B-B2D8-CC33E5912CCF}.Release|Any CPU.Build.0 = Release|Any CPU
		{C9B7C2AF-DC18-4F0D-A252-D30410A8DC7D}.Debug|Any CPU.ActiveCfg = Debug|Any CPU
		{C9B7C2AF-DC18-4F0D-A252-D30410A8DC7D}.Debug|Any CPU.Build.0 = Debug|Any CPU
		{C9B7C2AF-DC18-4F0D-A252-D30410A8DC7D}.Release|Any CPU.ActiveCfg = Release|Any CPU
		{C9B7C2AF-DC18-4F0D-A252-D30410A8DC7D}.Release|Any CPU.Build.0 = Release|Any CPU
		{2E669EB3-BEF2-4BCA-907E-7A1EC6B0CD00}.Debug|Any CPU.ActiveCfg = Debug|Any CPU
		{2E669EB3-BEF2-4BCA-907E-7A1EC6B0CD00}.Debug|Any CPU.Build.0 = Debug|Any CPU
		{2E669EB3-BEF2-4BCA-907E-7A1EC6B0CD00}.Release|Any CPU.ActiveCfg = Release|Any CPU
		{2E669EB3-BEF2-4BCA-907E-7A1EC6B0CD00}.Release|Any CPU.Build.0 = Release|Any CPU
	EndGlobalSection
	GlobalSection(SolutionProperties) = preSolution
		HideSolutionNode = FALSE
	EndGlobalSection
	GlobalSection(NestedProjects) = preSolution
		{C7F76C36-412E-42AB-A883-EBCC4FBC5F2A} = {A123E40D-8464-45A7-A7B3-F78034041501}
		{434B20BA-48CF-45C5-BF40-A44081B2951F} = {A123E40D-8464-45A7-A7B3-F78034041501}
		{E45E34F5-64D5-4C17-848E-B86516FDF6AA} = {E6FCE86A-04E0-483A-B458-2B004CEEEC3A}
		{BDD0341E-F715-4B89-B603-574AAA0758F7} = {E6FCE86A-04E0-483A-B458-2B004CEEEC3A}
		{C20509C8-7DBF-4BC1-9EDC-17D51D04CD40} = {E6FCE86A-04E0-483A-B458-2B004CEEEC3A}
		{12FE594D-7AE7-47FD-A560-EF87B4EF16DD} = {E6FCE86A-04E0-483A-B458-2B004CEEEC3A}
		{6C35D295-07A6-4663-9F79-A921D7E3BB21} = {E6FCE86A-04E0-483A-B458-2B004CEEEC3A}
		{9A78E5F0-47BC-4529-B7CB-2882FB65EDB4} = {E6FCE86A-04E0-483A-B458-2B004CEEEC3A}
		{B676EFA4-2527-4F21-9550-CBE0D4335285} = {E6FCE86A-04E0-483A-B458-2B004CEEEC3A}
		{32A1C931-C6B0-434A-93BA-3AFADAB1B747} = {39DBFC61-B353-4FD9-BE65-D816B236C9C8}
		{68C93478-CA28-4DA9-BA44-9808A2DD5394} = {39DBFC61-B353-4FD9-BE65-D816B236C9C8}
		{CD5DD0CA-890B-4F1F-8038-489E8E8A6EE7} = {39DBFC61-B353-4FD9-BE65-D816B236C9C8}
		{7767355B-457B-417A-9D14-7247F037A285} = {39DBFC61-B353-4FD9-BE65-D816B236C9C8}
		{E70FFD24-CA47-46ED-AADA-39663581511B} = {39DBFC61-B353-4FD9-BE65-D816B236C9C8}
		{14B86548-9051-4A16-840D-09D5238C261A} = {39DBFC61-B353-4FD9-BE65-D816B236C9C8}
		{2B4ECD8A-681E-4691-A728-2776D349F88B} = {0FE581DD-3EE6-4FCD-82DF-74A41DDE0222}
		{3AA1DA4C-107F-47CE-9564-E1119CC47C12} = {0FE581DD-3EE6-4FCD-82DF-74A41DDE0222}
		{3FBED1CD-A273-4739-B45B-B8AD53A3F704} = {0FE581DD-3EE6-4FCD-82DF-74A41DDE0222}
		{8F40B88F-E4DB-43DE-BF5D-7B72CCAD5DEA} = {0FE581DD-3EE6-4FCD-82DF-74A41DDE0222}
		{A754419E-07BD-48D6-8036-30A496B2C4FE} = {056DE00C-A9BC-4820-A792-3B91DFDEBE58}
		{FA9C0C3E-2788-4815-ACF1-CA61F2535876} = {E20757F8-9244-4EDC-B074-141D02C66DE0}
		{FCE608C6-F113-4ACF-B11A-61788BD446CA} = {E20757F8-9244-4EDC-B074-141D02C66DE0}
		{5BF1DA9E-905C-4823-B432-6943344D84FA} = {D30CCEF9-EA15-417E-8B42-0640C2327D7B}
		{E35F04CD-59BC-4C97-AB2B-84C17A6EBEB2} = {D30CCEF9-EA15-417E-8B42-0640C2327D7B}
		{58A94F34-5387-41FF-A323-9AD48475FF14} = {D30CCEF9-EA15-417E-8B42-0640C2327D7B}
		{98909248-6856-40B7-BCEE-FD50E3DD1F1B} = {D30CCEF9-EA15-417E-8B42-0640C2327D7B}
		{FAF8D7D0-4932-4DBC-A80D-BBEA9BD021D2} = {B7740A8E-DDD0-4C44-9DF8-F8E867116E41}
		{D42BFD98-5C35-4137-8831-275B13FC7591} = {B7740A8E-DDD0-4C44-9DF8-F8E867116E41}
		{0A0031BA-A1C2-473B-B2D8-CC33E5912CCF} = {B7740A8E-DDD0-4C44-9DF8-F8E867116E41}
		{DDF61011-BBF5-458F-8B5C-05C0A3CA84A7} = {0747FB08-6D90-455A-9095-C4D314AF94C3}
		{D45A60E5-FE05-44DF-AEF3-3BDC62070B64} = {0747FB08-6D90-455A-9095-C4D314AF94C3}
		{71C29EC2-9688-43C6-8E42-8C7B3EABDF0B} = {0747FB08-6D90-455A-9095-C4D314AF94C3}
		{C9B7C2AF-DC18-4F0D-A252-D30410A8DC7D} = {0747FB08-6D90-455A-9095-C4D314AF94C3}
		{2E669EB3-BEF2-4BCA-907E-7A1EC6B0CD00} = {0747FB08-6D90-455A-9095-C4D314AF94C3}
	EndGlobalSection
EndGlobal
