
Microsoft Visual Studio Solution File, Format Version 12.00
# Visual Studio 2012
Project("{FAE04EC0-301F-11D3-BF4B-00C04F79EFBC}") = "第六章项目", "第六章项目\第六章项目.csproj", "{93EB585D-053D-44AF-8935-715E0C42FDFC}"
EndProject
Global
	GlobalSection(SolutionConfigurationPlatforms) = preSolution
		Debug|Any CPU = Debug|Any CPU
		Release|Any CPU = Release|Any CPU
	EndGlobalSection
	GlobalSection(ProjectConfigurationPlatforms) = postSolution
		{93EB585D-053D-44AF-8935-715E0C42FDFC}.Debug|Any CPU.ActiveCfg = Debug|Any CPU
		{93EB585D-053D-44AF-8935-715E0C42FDFC}.Debug|Any CPU.Build.0 = Debug|Any CPU
		{93EB585D-053D-44AF-8935-715E0C42FDFC}.Release|Any CPU.ActiveCfg = Release|Any CPU
		{93EB585D-053D-44AF-8935-715E0C42FDFC}.Release|Any CPU.Build.0 = Release|Any CPU
	EndGlobalSection
	GlobalSection(SolutionProperties) = preSolution
		HideSolutionNode = FALSE
	EndGlobalSection
EndGlobal
