
Microsoft Visual Studio Solution File, Format Version 12.00
# Visual Studio 2013
VisualStudioVersion = 12.0.21005.1
MinimumVisualStudioVersion = 10.0.40219.1
Project("{FAE04EC0-301F-11D3-BF4B-00C04F79EFBC}") = "S2230NET", "S2230NET\S2230NET.csproj", "{434B20BA-48CF-45C5-BF40-A44081B2951F}"
EndProject
Project("{FAE04EC0-301F-11D3-BF4B-00C04F79EFBC}") = "Day01_0100", "Day01_0100\Day01_0100.csproj", "{C7F76C36-412E-42AB-A883-EBCC4FBC5F2A}"
EndProject
Project("{FAE04EC0-301F-11D3-BF4B-00C04F79EFBC}") = "Day02_0100", "Day02_0100\Day02_0100.csproj", "{BDD0341E-F715-4B89-B603-574AAA0758F7}"
EndProject
Project("{FAE04EC0-301F-11D3-BF4B-00C04F79EFBC}") = "Day02_0200ValueType", "Day02_0200ValueType\Day02_0200ValueType.csproj", "{E45E34F5-64D5-4C17-848E-B86516FDF6AA}"
EndProject
Project("{2150E333-8FDC-42A3-9474-1A3956D46DE8}") = "Day02", "Day02", "{E6FCE86A-04E0-483A-B458-2B004CEEEC3A}"
EndProject
Project("{2150E333-8FDC-42A3-9474-1A3956D46DE8}") = "Day01", "Day01", "{A123E40D-8464-45A7-A7B3-F78034041501}"
EndProject
Project("{FAE04EC0-301F-11D3-BF4B-00C04F79EFBC}") = "Day02_0300reftype", "Day02_0300reftype\Day02_0300reftype.csproj", "{C20509C8-7DBF-4BC1-9EDC-17D51D04CD40}"
EndProject
Project("{FAE04EC0-301F-11D3-BF4B-00C04F79EFBC}") = "Day02_0400Struct", "Day02_0400Struct\Day02_0400Struct.csproj", "{12FE594D-7AE7-47FD-A560-EF87B4EF16DD}"
EndProject
Project("{FAE04EC0-301F-11D3-BF4B-00C04F79EFBC}") = "Day02_0500BoxAndUnBox", "Day02_0500BoxAndUnBox\Day02_0500BoxAndUnBox.csproj", "{6C35D295-07A6-4663-9F79-A921D7E3BB21}"
EndProject
Project("{FAE04EC0-301F-11D3-BF4B-00C04F79EFBC}") = "Day02_0600ref", "Day02_0600ref\Day02_0600ref.csproj", "{9A78E5F0-47BC-4529-B7CB-2882FB65EDB4}"
EndProject
Project("{FAE04EC0-301F-11D3-BF4B-00C04F79EFBC}") = "Day02_0700ManagerScore", "Day02_0700ManagerScore\Day02_0700ManagerScore.csproj", "{B676EFA4-2527-4F21-9550-CBE0D4335285}"
EndProject
Project("{2150E333-8FDC-42A3-9474-1A3956D46DE8}") = "Day03", "Day03", "{39DBFC61-B353-4FD9-BE65-D816B236C9C8}"
EndProject
Project("{FAE04EC0-301F-11D3-BF4B-00C04F79EFBC}") = "Day03_0100ArrayList", "Day03_0100ArrayList\Day03_0100ArrayList.csproj", "{32A1C931-C6B0-434A-93BA-3AFADAB1B747}"
EndProject
Project("{FAE04EC0-301F-11D3-BF4B-00C04F79EFBC}") = "Day03_0200HashTable", "Day03_0200HashTable\Day03_0200HashTable.csproj", "{68C93478-CA28-4DA9-BA44-9808A2DD5394}"
EndProject
Project("{FAE04EC0-301F-11D3-BF4B-00C04F79EFBC}") = "Day03_0300Generic", "Day03_0300Generic\Day03_0300Generic.csproj", "{CD5DD0CA-890B-4F1F-8038-489E8E8A6EE7}"
EndProject
Project("{FAE04EC0-301F-11D3-BF4B-00C04F79EFBC}") = "Day03_0400MyGeneric", "Day03_0400MyGeneric\Day03_0400MyGeneric.csproj", "{7767355B-457B-417A-9D14-7247F037A285}"
EndProject
Project("{FAE04EC0-301F-11D3-BF4B-00C04F79EFBC}") = "Day03_0500BindDaa", "Day03_0500BindDaa\Day03_0500BindDaa.csproj", "{E70FFD24-CA47-46ED-AADA-39663581511B}"
EndProject
Project("{FAE04EC0-301F-11D3-BF4B-00C04F79EFBC}") = "Day03_0600HomeWork", "Day03_0600HomeWork\Day03_0600HomeWork.csproj", "{14B86548-9051-4A16-840D-09D5238C261A}"
EndProject
Project("{2150E333-8FDC-42A3-9474-1A3956D46DE8}") = "Day04", "Day04", "{0FE581DD-3EE6-4FCD-82DF-74A41DDE0222}"
EndProject
Project("{FAE04EC0-301F-11D3-BF4B-00C04F79EFBC}") = "Day04_0100构造", "Day04_0100构造\Day04_0100构造.csproj", "{2B4ECD8A-681E-4691-A728-2776D349F88B}"
EndProject
Project("{FAE04EC0-301F-11D3-BF4B-00C04F79EFBC}") = "Day04_0200方法重载", "Day04_0200方法重载\Day04_0200方法重载.csproj", "{3AA1DA4C-107F-47CE-9564-E1119CC47C12}"
EndProject
Global
	GlobalSection(SolutionConfigurationPlatforms) = preSolution
		Debug|Any CPU = Debug|Any CPU
		Release|Any CPU = Release|Any CPU
	EndGlobalSection
	GlobalSection(ProjectConfigurationPlatforms) = postSolution
		{434B20BA-48CF-45C5-BF40-A44081B2951F}.Debug|Any CPU.ActiveCfg = Debug|Any CPU
		{434B20BA-48CF-45C5-BF40-A44081B2951F}.Debug|Any CPU.Build.0 = Debug|Any CPU
		{434B20BA-48CF-45C5-BF40-A44081B2951F}.Release|Any CPU.ActiveCfg = Release|Any CPU
		{434B20BA-48CF-45C5-BF40-A44081B2951F}.Release|Any CPU.Build.0 = Release|Any CPU
		{C7F76C36-412E-42AB-A883-EBCC4FBC5F2A}.Debug|Any CPU.ActiveCfg = Debug|Any CPU
		{C7F76C36-412E-42AB-A883-EBCC4FBC5F2A}.Debug|Any CPU.Build.0 = Debug|Any CPU
		{C7F76C36-412E-42AB-A883-EBCC4FBC5F2A}.Release|Any CPU.ActiveCfg = Release|Any CPU
		{C7F76C36-412E-42AB-A883-EBCC4FBC5F2A}.Release|Any CPU.Build.0 = Release|Any CPU
		{BDD0341E-F715-4B89-B603-574AAA0758F7}.Debug|Any CPU.ActiveCfg = Debug|Any CPU
		{BDD0341E-F715-4B89-B603-574AAA0758F7}.Debug|Any CPU.Build.0 = Debug|Any CPU
		{BDD0341E-F715-4B89-B603-574AAA0758F7}.Release|Any CPU.ActiveCfg = Release|Any CPU
		{BDD0341E-F715-4B89-B603-574AAA0758F7}.Release|Any CPU.Build.0 = Release|Any CPU
		{E45E34F5-64D5-4C17-848E-B86516FDF6AA}.Debug|Any CPU.ActiveCfg = Debug|Any CPU
		{E45E34F5-64D5-4C17-848E-B86516FDF6AA}.Debug|Any CPU.Build.0 = Debug|Any CPU
		{E45E34F5-64D5-4C17-848E-B86516FDF6AA}.Release|Any CPU.ActiveCfg = Release|Any CPU
		{E45E34F5-64D5-4C17-848E-B86516FDF6AA}.Release|Any CPU.Build.0 = Release|Any CPU
		{C20509C8-7DBF-4BC1-9EDC-17D51D04CD40}.Debug|Any CPU.ActiveCfg = Debug|Any CPU
		{C20509C8-7DBF-4BC1-9EDC-17D51D04CD40}.Debug|Any CPU.Build.0 = Debug|Any CPU
		{C20509C8-7DBF-4BC1-9EDC-17D51D04CD40}.Release|Any CPU.ActiveCfg = Release|Any CPU
		{C20509C8-7DBF-4BC1-9EDC-17D51D04CD40}.Release|Any CPU.Build.0 = Release|Any CPU
		{12FE594D-7AE7-47FD-A560-EF87B4EF16DD}.Debug|Any CPU.ActiveCfg = Debug|Any CPU
		{12FE594D-7AE7-47FD-A560-EF87B4EF16DD}.Debug|Any CPU.Build.0 = Debug|Any CPU
		{12FE594D-7AE7-47FD-A560-EF87B4EF16DD}.Release|Any CPU.ActiveCfg = Release|Any CPU
		{12FE594D-7AE7-47FD-A560-EF87B4EF16DD}.Release|Any CPU.Build.0 = Release|Any CPU
		{6C35D295-07A6-4663-9F79-A921D7E3BB21}.Debug|Any CPU.ActiveCfg = Debug|Any CPU
		{6C35D295-07A6-4663-9F79-A921D7E3BB21}.Debug|Any CPU.Build.0 = Debug|Any CPU
		{6C35D295-07A6-4663-9F79-A921D7E3BB21}.Release|Any CPU.ActiveCfg = Release|Any CPU
		{6C35D295-07A6-4663-9F79-A921D7E3BB21}.Release|Any CPU.Build.0 = Release|Any CPU
		{9A78E5F0-47BC-4529-B7CB-2882FB65EDB4}.Debug|Any CPU.ActiveCfg = Debug|Any CPU
		{9A78E5F0-47BC-4529-B7CB-2882FB65EDB4}.Debug|Any CPU.Build.0 = Debug|Any CPU
		{9A78E5F0-47BC-4529-B7CB-2882FB65EDB4}.Release|Any CPU.ActiveCfg = Release|Any CPU
		{9A78E5F0-47BC-4529-B7CB-2882FB65EDB4}.Release|Any CPU.Build.0 = Release|Any CPU
		{B676EFA4-2527-4F21-9550-CBE0D4335285}.Debug|Any CPU.ActiveCfg = Debug|Any CPU
		{B676EFA4-2527-4F21-9550-CBE0D4335285}.Debug|Any CPU.Build.0 = Debug|Any CPU
		{B676EFA4-2527-4F21-9550-CBE0D4335285}.Release|Any CPU.ActiveCfg = Release|Any CPU
		{B676EFA4-2527-4F21-9550-CBE0D4335285}.Release|Any CPU.Build.0 = Release|Any CPU
		{32A1C931-C6B0-434A-93BA-3AFADAB1B747}.Debug|Any CPU.ActiveCfg = Debug|Any CPU
		{32A1C931-C6B0-434A-93BA-3AFADAB1B747}.Debug|Any CPU.Build.0 = Debug|Any CPU
		{32A1C931-C6B0-434A-93BA-3AFADAB1B747}.Release|Any CPU.ActiveCfg = Release|Any CPU
		{32A1C931-C6B0-434A-93BA-3AFADAB1B747}.Release|Any CPU.Build.0 = Release|Any CPU
		{68C93478-CA28-4DA9-BA44-9808A2DD5394}.Debug|Any CPU.ActiveCfg = Debug|Any CPU
		{68C93478-CA28-4DA9-BA44-9808A2DD5394}.Debug|Any CPU.Build.0 = Debug|Any CPU
		{68C93478-CA28-4DA9-BA44-9808A2DD5394}.Release|Any CPU.ActiveCfg = Release|Any CPU
		{68C93478-CA28-4DA9-BA44-9808A2DD5394}.Release|Any CPU.Build.0 = Release|Any CPU
		{CD5DD0CA-890B-4F1F-8038-489E8E8A6EE7}.Debug|Any CPU.ActiveCfg = Debug|Any CPU
		{CD5DD0CA-890B-4F1F-8038-489E8E8A6EE7}.Debug|Any CPU.Build.0 = Debug|Any CPU
		{CD5DD0CA-890B-4F1F-8038-489E8E8A6EE7}.Release|Any CPU.ActiveCfg = Release|Any CPU
		{CD5DD0CA-890B-4F1F-8038-489E8E8A6EE7}.Release|Any CPU.Build.0 = Release|Any CPU
		{7767355B-457B-417A-9D14-7247F037A285}.Debug|Any CPU.ActiveCfg = Debug|Any CPU
		{7767355B-457B-417A-9D14-7247F037A285}.Debug|Any CPU.Build.0 = Debug|Any CPU
		{7767355B-457B-417A-9D14-7247F037A285}.Release|Any CPU.ActiveCfg = Release|Any CPU
		{7767355B-457B-417A-9D14-7247F037A285}.Release|Any CPU.Build.0 = Release|Any CPU
		{E70FFD24-CA47-46ED-AADA-39663581511B}.Debug|Any CPU.ActiveCfg = Debug|Any CPU
		{E70FFD24-CA47-46ED-AADA-39663581511B}.Debug|Any CPU.Build.0 = Debug|Any CPU
		{E70FFD24-CA47-46ED-AADA-39663581511B}.Release|Any CPU.ActiveCfg = Release|Any CPU
		{E70FFD24-CA47-46ED-AADA-39663581511B}.Release|Any CPU.Build.0 = Release|Any CPU
		{14B86548-9051-4A16-840D-09D5238C261A}.Debug|Any CPU.ActiveCfg = Debug|Any CPU
		{14B86548-9051-4A16-840D-09D5238C261A}.Debug|Any CPU.Build.0 = Debug|Any CPU
		{14B86548-9051-4A16-840D-09D5238C261A}.Release|Any CPU.ActiveCfg = Release|Any CPU
		{14B86548-9051-4A16-840D-09D5238C261A}.Release|Any CPU.Build.0 = Release|Any CPU
		{2B4ECD8A-681E-4691-A728-2776D349F88B}.Debug|Any CPU.ActiveCfg = Debug|Any CPU
		{2B4ECD8A-681E-4691-A728-2776D349F88B}.Debug|Any CPU.Build.0 = Debug|Any CPU
		{2B4ECD8A-681E-4691-A728-2776D349F88B}.Release|Any CPU.ActiveCfg = Release|Any CPU
		{2B4ECD8A-681E-4691-A728-2776D349F88B}.Release|Any CPU.Build.0 = Release|Any CPU
		{3AA1DA4C-107F-47CE-9564-E1119CC47C12}.Debug|Any CPU.ActiveCfg = Debug|Any CPU
		{3AA1DA4C-107F-47CE-9564-E1119CC47C12}.Debug|Any CPU.Build.0 = Debug|Any CPU
		{3AA1DA4C-107F-47CE-9564-E1119CC47C12}.Release|Any CPU.ActiveCfg = Release|Any CPU
		{3AA1DA4C-107F-47CE-9564-E1119CC47C12}.Release|Any CPU.Build.0 = Release|Any CPU
	EndGlobalSection
	GlobalSection(SolutionProperties) = preSolution
		HideSolutionNode = FALSE
	EndGlobalSection
	GlobalSection(NestedProjects) = preSolution
		{C7F76C36-412E-42AB-A883-EBCC4FBC5F2A} = {A123E40D-8464-45A7-A7B3-F78034041501}
		{434B20BA-48CF-45C5-BF40-A44081B2951F} = {A123E40D-8464-45A7-A7B3-F78034041501}
		{E45E34F5-64D5-4C17-848E-B86516FDF6AA} = {E6FCE86A-04E0-483A-B458-2B004CEEEC3A}
		{BDD0341E-F715-4B89-B603-574AAA0758F7} = {E6FCE86A-04E0-483A-B458-2B004CEEEC3A}
		{C20509C8-7DBF-4BC1-9EDC-17D51D04CD40} = {E6FCE86A-04E0-483A-B458-2B004CEEEC3A}
		{12FE594D-7AE7-47FD-A560-EF87B4EF16DD} = {E6FCE86A-04E0-483A-B458-2B004CEEEC3A}
		{6C35D295-07A6-4663-9F79-A921D7E3BB21} = {E6FCE86A-04E0-483A-B458-2B004CEEEC3A}
		{9A78E5F0-47BC-4529-B7CB-2882FB65EDB4} = {E6FCE86A-04E0-483A-B458-2B004CEEEC3A}
		{B676EFA4-2527-4F21-9550-CBE0D4335285} = {E6FCE86A-04E0-483A-B458-2B004CEEEC3A}
		{32A1C931-C6B0-434A-93BA-3AFADAB1B747} = {39DBFC61-B353-4FD9-BE65-D816B236C9C8}
		{68C93478-CA28-4DA9-BA44-9808A2DD5394} = {39DBFC61-B353-4FD9-BE65-D816B236C9C8}
		{CD5DD0CA-890B-4F1F-8038-489E8E8A6EE7} = {39DBFC61-B353-4FD9-BE65-D816B236C9C8}
		{7767355B-457B-417A-9D14-7247F037A285} = {39DBFC61-B353-4FD9-BE65-D816B236C9C8}
		{E70FFD24-CA47-46ED-AADA-39663581511B} = {39DBFC61-B353-4FD9-BE65-D816B236C9C8}
		{14B86548-9051-4A16-840D-09D5238C261A} = {39DBFC61-B353-4FD9-BE65-D816B236C9C8}
		{2B4ECD8A-681E-4691-A728-2776D349F88B} = {0FE581DD-3EE6-4FCD-82DF-74A41DDE0222}
		{3AA1DA4C-107F-47CE-9564-E1119CC47C12} = {0FE581DD-3EE6-4FCD-82DF-74A41DDE0222}
	EndGlobalSection
EndGlobal
